
Microsoft Visual Studio Solution File, Format Version 12.00
# Visual Studio 14
VisualStudioVersion = 14.0.25123.0
MinimumVisualStudioVersion = 10.0.40219.1
Project("{FAE04EC0-301F-11D3-BF4B-00C04F79EFBC}") = "OrleansWebHost", "OrleansWebHost\OrleansWebHost.csproj", "{4EFE1573-17BD-4BCA-93B2-65FD1A26B384}"
EndProject
Project("{FAE04EC0-301F-11D3-BF4B-00C04F79EFBC}") = "OrleansWebInterface", "OrleansWebInterface\OrleansWebInterface.csproj", "{80D74B19-9A53-4A49-B5AB-A0D0A4A4214F}"
EndProject
Project("{FAE04EC0-301F-11D3-BF4B-00C04F79EFBC}") = "OrleansWebCollection", "OrleansWebCollection\OrleansWebCollection.csproj", "{62BFE5FD-A5B2-4126-B092-405809777C6D}"
EndProject
Global
	GlobalSection(SolutionConfigurationPlatforms) = preSolution
		Debug|Any CPU = Debug|Any CPU
		Release|Any CPU = Release|Any CPU
	EndGlobalSection
	GlobalSection(ProjectConfigurationPlatforms) = postSolution
		{4EFE1573-17BD-4BCA-93B2-65FD1A26B384}.Debug|Any CPU.ActiveCfg = Debug|Any CPU
		{4EFE1573-17BD-4BCA-93B2-65FD1A26B384}.Debug|Any CPU.Build.0 = Debug|Any CPU
		{4EFE1573-17BD-4BCA-93B2-65FD1A26B384}.Release|Any CPU.ActiveCfg = Release|Any CPU
		{4EFE1573-17BD-4BCA-93B2-65FD1A26B384}.Release|Any CPU.Build.0 = Release|Any CPU
		{80D74B19-9A53-4A49-B5AB-A0D0A4A4214F}.Debug|Any CPU.ActiveCfg = Debug|Any CPU
		{80D74B19-9A53-4A49-B5AB-A0D0A4A4214F}.Debug|Any CPU.Build.0 = Debug|Any CPU
		{80D74B19-9A53-4A49-B5AB-A0D0A4A4214F}.Release|Any CPU.ActiveCfg = Release|Any CPU
		{80D74B19-9A53-4A49-B5AB-A0D0A4A4214F}.Release|Any CPU.Build.0 = Release|Any CPU
		{62BFE5FD-A5B2-4126-B092-405809777C6D}.Debug|Any CPU.ActiveCfg = Debug|Any CPU
		{62BFE5FD-A5B2-4126-B092-405809777C6D}.Debug|Any CPU.Build.0 = Debug|Any CPU
		{62BFE5FD-A5B2-4126-B092-405809777C6D}.Release|Any CPU.ActiveCfg = Release|Any CPU
		{62BFE5FD-A5B2-4126-B092-405809777C6D}.Release|Any CPU.Build.0 = Release|Any CPU
	EndGlobalSection
	GlobalSection(SolutionProperties) = preSolution
		HideSolutionNode = FALSE
	EndGlobalSection
EndGlobal
